
Microsoft Visual Studio Solution File, Format Version 12.00
# Visual Studio Version 16
VisualStudioVersion = 16.0.29519.87
MinimumVisualStudioVersion = 10.0.40219.1
Project("{FAE04EC0-301F-11D3-BF4B-00C04F79EFBC}") = "Core", "src\Core\Core.csproj", "{858CD0CE-9390-4BCE-8301-3B9F81343969}"
EndProject
Project("{FAE04EC0-301F-11D3-BF4B-00C04F79EFBC}") = "FlowSim", "src\FlowSim\FlowSim.csproj", "{CF9FBF9C-D1E9-4089-8A5A-FFD77E58BA18}"
EndProject
Project("{FAE04EC0-301F-11D3-BF4B-00C04F79EFBC}") = "Proxy", "src\Proxy\Proxy.csproj", "{23D2DD16-6602-460C-8F86-0D348D10290C}"
EndProject
Global
	GlobalSection(SolutionConfigurationPlatforms) = preSolution
		Debug|Any CPU = Debug|Any CPU
		Release|Any CPU = Release|Any CPU
	EndGlobalSection
	GlobalSection(ProjectConfigurationPlatforms) = postSolution
		{858CD0CE-9390-4BCE-8301-3B9F81343969}.Debug|Any CPU.ActiveCfg = Debug|Any CPU
		{858CD0CE-9390-4BCE-8301-3B9F81343969}.Debug|Any CPU.Build.0 = Debug|Any CPU
		{858CD0CE-9390-4BCE-8301-3B9F81343969}.Release|Any CPU.ActiveCfg = Release|Any CPU
		{858CD0CE-9390-4BCE-8301-3B9F81343969}.Release|Any CPU.Build.0 = Release|Any CPU
		{CF9FBF9C-D1E9-4089-8A5A-FFD77E58BA18}.Debug|Any CPU.ActiveCfg = Debug|Any CPU
		{CF9FBF9C-D1E9-4089-8A5A-FFD77E58BA18}.Debug|Any CPU.Build.0 = Debug|Any CPU
		{CF9FBF9C-D1E9-4089-8A5A-FFD77E58BA18}.Release|Any CPU.ActiveCfg = Release|Any CPU
		{CF9FBF9C-D1E9-4089-8A5A-FFD77E58BA18}.Release|Any CPU.Build.0 = Release|Any CPU
		{23D2DD16-6602-460C-8F86-0D348D10290C}.Debug|Any CPU.ActiveCfg = Debug|Any CPU
		{23D2DD16-6602-460C-8F86-0D348D10290C}.Debug|Any CPU.Build.0 = Debug|Any CPU
		{23D2DD16-6602-460C-8F86-0D348D10290C}.Release|Any CPU.ActiveCfg = Release|Any CPU
		{23D2DD16-6602-460C-8F86-0D348D10290C}.Release|Any CPU.Build.0 = Release|Any CPU
	EndGlobalSection
	GlobalSection(SolutionProperties) = preSolution
		HideSolutionNode = FALSE
	EndGlobalSection
	GlobalSection(ExtensibilityGlobals) = postSolution
		SolutionGuid = {00AC3979-5032-4247-B396-2878A01EE63E}
	EndGlobalSection
EndGlobal
