
Microsoft Visual Studio Solution File, Format Version 12.00
# Visual Studio Version 16
VisualStudioVersion = 16.0.29519.87
MinimumVisualStudioVersion = 10.0.40219.1
Project("{9A19103F-16F7-4668-BE54-9A1E7A4F7556}") = "GasFlow.Core", "src\GasFlow.Core\GasFlow.Core.csproj", "{858CD0CE-9390-4BCE-8301-3B9F81343969}"
EndProject
Project("{9A19103F-16F7-4668-BE54-9A1E7A4F7556}") = "GasFlow.Sim", "src\GasFlow.Sim\GasFlow.Sim.csproj", "{CF9FBF9C-D1E9-4089-8A5A-FFD77E58BA18}"
EndProject
Project("{2150E333-8FDC-42A3-9474-1A3956D46DE8}") = "Energistics", "Energistics", "{B5647E5E-B7BF-4459-BA08-46307AAB09BD}"
EndProject
Project("{9A19103F-16F7-4668-BE54-9A1E7A4F7556}") = "GasFlow.Units", "src\GasFlow.Units\GasFlow.Units.csproj", "{6265980F-5610-4AC6-8A7A-87C3DF6D4BAF}"
EndProject
Project("{9A19103F-16F7-4668-BE54-9A1E7A4F7556}") = "GasFlow.Common", "src\GasFlow.Common\GasFlow.Common.csproj", "{3549D641-BA4F-4B5F-B478-94126CDFDE02}"
EndProject
Project("{2150E333-8FDC-42A3-9474-1A3956D46DE8}") = "test", "test", "{52415105-9868-4B2D-8C92-FF50863AC43D}"
EndProject
Project("{2150E333-8FDC-42A3-9474-1A3956D46DE8}") = "src", "src", "{FC4ECB41-EA24-41E3-ACD3-C87ECFBF4828}"
EndProject
Project("{9A19103F-16F7-4668-BE54-9A1E7A4F7556}") = "GasFlow.ZTests", "test\GasFlow.ZTests\GasFlow.ZTests.csproj", "{5F60EEE8-8BA3-4F77-A0AD-1CD5EAE155D0}"
EndProject
Project("{9A19103F-16F7-4668-BE54-9A1E7A4F7556}") = "GasFlow.Limit", "src\GasFlow.Limit\GasFlow.Limit.csproj", "{EF9B38C9-29E6-4B69-A76B-FE87B2D244E3}"
EndProject
Project("{9A19103F-16F7-4668-BE54-9A1E7A4F7556}") = "GasFlow.Optimum", "src\GasFlow.Optimum\GasFlow.Optimum.csproj", "{6F3D6F2C-2E86-44CE-B9DD-E7C6FFD2F6CC}"
EndProject
Project("{9A19103F-16F7-4668-BE54-9A1E7A4F7556}") = "GasFlow.Sim.PipeSim", "src\GasFlow.Sim.PipeSim\GasFlow.Sim.PipeSim.csproj", "{9C5B5780-322C-4015-8516-F78DC3199A75}"
EndProject
Project("{9A19103F-16F7-4668-BE54-9A1E7A4F7556}") = "GasFlow.Sim.Own", "src\GasFlow.Sim.Own\GasFlow.Sim.Own.csproj", "{B1DBEAB7-FF4B-4EC5-B005-020BD1A11EE8}"
EndProject
Project("{9A19103F-16F7-4668-BE54-9A1E7A4F7556}") = "GasFlow.Sim.Own.Tests", "test\GasFlow.Sim.Own.Tests\GasFlow.Sim.Own.Tests.csproj", "{BA7CE0CD-2F02-4D0C-AD0E-376EEA108CC2}"
EndProject
Project("{9A19103F-16F7-4668-BE54-9A1E7A4F7556}") = "GasFlow", "src\GasFlow\GasFlow.csproj", "{D709A823-6657-4AD0-B0E6-15594E6EC16B}"
EndProject
Project("{9A19103F-16F7-4668-BE54-9A1E7A4F7556}") = "GasFlow.Facility", "src\GasFlow.Facility\GasFlow.Facility.csproj", "{11D63266-7974-4691-9DC3-C8970D7C69FB}"
EndProject
Project("{9A19103F-16F7-4668-BE54-9A1E7A4F7556}") = "Devkit.Core", "ext\Yarus.Energistics\Devkit.Core\Devkit.Core.csproj", "{04CC2955-7053-44DA-A8E1-166BFD7FA17C}"
EndProject
Project("{9A19103F-16F7-4668-BE54-9A1E7A4F7556}") = "GasFlow.FlowProfiler", "src\GasFlow.FlowProfiler\GasFlow.FlowProfiler.csproj", "{21F4B5F3-00C5-483B-9521-168A8E40E013}"
EndProject
Project("{9A19103F-16F7-4668-BE54-9A1E7A4F7556}") = "GasFlow.Tuning", "src\GasFlow.Tuning\GasFlow.Tuning.csproj", "{C70DFF4E-9A77-4C14-994A-A0DA352BD377}"
EndProject
Global
	GlobalSection(SolutionConfigurationPlatforms) = preSolution
		Debug|Any CPU = Debug|Any CPU
		Release|Any CPU = Release|Any CPU
	EndGlobalSection
	GlobalSection(ProjectConfigurationPlatforms) = postSolution
		{858CD0CE-9390-4BCE-8301-3B9F81343969}.Debug|Any CPU.ActiveCfg = Debug|Any CPU
		{858CD0CE-9390-4BCE-8301-3B9F81343969}.Debug|Any CPU.Build.0 = Debug|Any CPU
		{858CD0CE-9390-4BCE-8301-3B9F81343969}.Release|Any CPU.ActiveCfg = Release|Any CPU
		{858CD0CE-9390-4BCE-8301-3B9F81343969}.Release|Any CPU.Build.0 = Release|Any CPU
		{CF9FBF9C-D1E9-4089-8A5A-FFD77E58BA18}.Debug|Any CPU.ActiveCfg = Debug|Any CPU
		{CF9FBF9C-D1E9-4089-8A5A-FFD77E58BA18}.Debug|Any CPU.Build.0 = Debug|Any CPU
		{CF9FBF9C-D1E9-4089-8A5A-FFD77E58BA18}.Release|Any CPU.ActiveCfg = Release|Any CPU
		{CF9FBF9C-D1E9-4089-8A5A-FFD77E58BA18}.Release|Any CPU.Build.0 = Release|Any CPU
		{6265980F-5610-4AC6-8A7A-87C3DF6D4BAF}.Debug|Any CPU.ActiveCfg = Debug|Any CPU
		{6265980F-5610-4AC6-8A7A-87C3DF6D4BAF}.Debug|Any CPU.Build.0 = Debug|Any CPU
		{6265980F-5610-4AC6-8A7A-87C3DF6D4BAF}.Release|Any CPU.ActiveCfg = Release|Any CPU
		{6265980F-5610-4AC6-8A7A-87C3DF6D4BAF}.Release|Any CPU.Build.0 = Release|Any CPU
		{3549D641-BA4F-4B5F-B478-94126CDFDE02}.Debug|Any CPU.ActiveCfg = Debug|Any CPU
		{3549D641-BA4F-4B5F-B478-94126CDFDE02}.Debug|Any CPU.Build.0 = Debug|Any CPU
		{3549D641-BA4F-4B5F-B478-94126CDFDE02}.Release|Any CPU.ActiveCfg = Release|Any CPU
		{3549D641-BA4F-4B5F-B478-94126CDFDE02}.Release|Any CPU.Build.0 = Release|Any CPU
		{5F60EEE8-8BA3-4F77-A0AD-1CD5EAE155D0}.Debug|Any CPU.ActiveCfg = Debug|Any CPU
		{5F60EEE8-8BA3-4F77-A0AD-1CD5EAE155D0}.Debug|Any CPU.Build.0 = Debug|Any CPU
		{5F60EEE8-8BA3-4F77-A0AD-1CD5EAE155D0}.Release|Any CPU.ActiveCfg = Release|Any CPU
		{5F60EEE8-8BA3-4F77-A0AD-1CD5EAE155D0}.Release|Any CPU.Build.0 = Release|Any CPU
		{EF9B38C9-29E6-4B69-A76B-FE87B2D244E3}.Debug|Any CPU.ActiveCfg = Debug|Any CPU
		{EF9B38C9-29E6-4B69-A76B-FE87B2D244E3}.Debug|Any CPU.Build.0 = Debug|Any CPU
		{EF9B38C9-29E6-4B69-A76B-FE87B2D244E3}.Release|Any CPU.ActiveCfg = Release|Any CPU
		{EF9B38C9-29E6-4B69-A76B-FE87B2D244E3}.Release|Any CPU.Build.0 = Release|Any CPU
		{6F3D6F2C-2E86-44CE-B9DD-E7C6FFD2F6CC}.Debug|Any CPU.ActiveCfg = Debug|Any CPU
		{6F3D6F2C-2E86-44CE-B9DD-E7C6FFD2F6CC}.Debug|Any CPU.Build.0 = Debug|Any CPU
		{6F3D6F2C-2E86-44CE-B9DD-E7C6FFD2F6CC}.Release|Any CPU.ActiveCfg = Release|Any CPU
		{6F3D6F2C-2E86-44CE-B9DD-E7C6FFD2F6CC}.Release|Any CPU.Build.0 = Release|Any CPU
		{9C5B5780-322C-4015-8516-F78DC3199A75}.Debug|Any CPU.ActiveCfg = Debug|Any CPU
		{9C5B5780-322C-4015-8516-F78DC3199A75}.Debug|Any CPU.Build.0 = Debug|Any CPU
		{9C5B5780-322C-4015-8516-F78DC3199A75}.Release|Any CPU.ActiveCfg = Release|Any CPU
		{9C5B5780-322C-4015-8516-F78DC3199A75}.Release|Any CPU.Build.0 = Release|Any CPU
		{B1DBEAB7-FF4B-4EC5-B005-020BD1A11EE8}.Debug|Any CPU.ActiveCfg = Debug|Any CPU
		{B1DBEAB7-FF4B-4EC5-B005-020BD1A11EE8}.Debug|Any CPU.Build.0 = Debug|Any CPU
		{B1DBEAB7-FF4B-4EC5-B005-020BD1A11EE8}.Release|Any CPU.ActiveCfg = Release|Any CPU
		{B1DBEAB7-FF4B-4EC5-B005-020BD1A11EE8}.Release|Any CPU.Build.0 = Release|Any CPU
		{BA7CE0CD-2F02-4D0C-AD0E-376EEA108CC2}.Debug|Any CPU.ActiveCfg = Debug|Any CPU
		{BA7CE0CD-2F02-4D0C-AD0E-376EEA108CC2}.Debug|Any CPU.Build.0 = Debug|Any CPU
		{BA7CE0CD-2F02-4D0C-AD0E-376EEA108CC2}.Release|Any CPU.ActiveCfg = Release|Any CPU
		{BA7CE0CD-2F02-4D0C-AD0E-376EEA108CC2}.Release|Any CPU.Build.0 = Release|Any CPU
		{D709A823-6657-4AD0-B0E6-15594E6EC16B}.Debug|Any CPU.ActiveCfg = Debug|Any CPU
		{D709A823-6657-4AD0-B0E6-15594E6EC16B}.Debug|Any CPU.Build.0 = Debug|Any CPU
		{D709A823-6657-4AD0-B0E6-15594E6EC16B}.Release|Any CPU.ActiveCfg = Release|Any CPU
		{D709A823-6657-4AD0-B0E6-15594E6EC16B}.Release|Any CPU.Build.0 = Release|Any CPU
		{11D63266-7974-4691-9DC3-C8970D7C69FB}.Debug|Any CPU.ActiveCfg = Debug|Any CPU
		{11D63266-7974-4691-9DC3-C8970D7C69FB}.Debug|Any CPU.Build.0 = Debug|Any CPU
		{11D63266-7974-4691-9DC3-C8970D7C69FB}.Release|Any CPU.ActiveCfg = Release|Any CPU
		{11D63266-7974-4691-9DC3-C8970D7C69FB}.Release|Any CPU.Build.0 = Release|Any CPU
		{04CC2955-7053-44DA-A8E1-166BFD7FA17C}.Debug|Any CPU.ActiveCfg = Debug|Any CPU
		{04CC2955-7053-44DA-A8E1-166BFD7FA17C}.Debug|Any CPU.Build.0 = Debug|Any CPU
		{04CC2955-7053-44DA-A8E1-166BFD7FA17C}.Release|Any CPU.ActiveCfg = Release|Any CPU
		{04CC2955-7053-44DA-A8E1-166BFD7FA17C}.Release|Any CPU.Build.0 = Release|Any CPU
		{21F4B5F3-00C5-483B-9521-168A8E40E013}.Debug|Any CPU.ActiveCfg = Debug|Any CPU
		{21F4B5F3-00C5-483B-9521-168A8E40E013}.Debug|Any CPU.Build.0 = Debug|Any CPU
		{21F4B5F3-00C5-483B-9521-168A8E40E013}.Release|Any CPU.ActiveCfg = Release|Any CPU
		{21F4B5F3-00C5-483B-9521-168A8E40E013}.Release|Any CPU.Build.0 = Release|Any CPU
		{C70DFF4E-9A77-4C14-994A-A0DA352BD377}.Debug|Any CPU.ActiveCfg = Debug|Any CPU
		{C70DFF4E-9A77-4C14-994A-A0DA352BD377}.Debug|Any CPU.Build.0 = Debug|Any CPU
		{C70DFF4E-9A77-4C14-994A-A0DA352BD377}.Release|Any CPU.ActiveCfg = Release|Any CPU
		{C70DFF4E-9A77-4C14-994A-A0DA352BD377}.Release|Any CPU.Build.0 = Release|Any CPU
	EndGlobalSection
	GlobalSection(SolutionProperties) = preSolution
		HideSolutionNode = FALSE
	EndGlobalSection
	GlobalSection(NestedProjects) = preSolution
		{858CD0CE-9390-4BCE-8301-3B9F81343969} = {FC4ECB41-EA24-41E3-ACD3-C87ECFBF4828}
		{CF9FBF9C-D1E9-4089-8A5A-FFD77E58BA18} = {FC4ECB41-EA24-41E3-ACD3-C87ECFBF4828}
		{6265980F-5610-4AC6-8A7A-87C3DF6D4BAF} = {FC4ECB41-EA24-41E3-ACD3-C87ECFBF4828}
		{3549D641-BA4F-4B5F-B478-94126CDFDE02} = {FC4ECB41-EA24-41E3-ACD3-C87ECFBF4828}
		{5F60EEE8-8BA3-4F77-A0AD-1CD5EAE155D0} = {52415105-9868-4B2D-8C92-FF50863AC43D}
		{EF9B38C9-29E6-4B69-A76B-FE87B2D244E3} = {FC4ECB41-EA24-41E3-ACD3-C87ECFBF4828}
		{6F3D6F2C-2E86-44CE-B9DD-E7C6FFD2F6CC} = {FC4ECB41-EA24-41E3-ACD3-C87ECFBF4828}
		{9C5B5780-322C-4015-8516-F78DC3199A75} = {FC4ECB41-EA24-41E3-ACD3-C87ECFBF4828}
		{B1DBEAB7-FF4B-4EC5-B005-020BD1A11EE8} = {FC4ECB41-EA24-41E3-ACD3-C87ECFBF4828}
		{BA7CE0CD-2F02-4D0C-AD0E-376EEA108CC2} = {52415105-9868-4B2D-8C92-FF50863AC43D}
		{D709A823-6657-4AD0-B0E6-15594E6EC16B} = {FC4ECB41-EA24-41E3-ACD3-C87ECFBF4828}
		{11D63266-7974-4691-9DC3-C8970D7C69FB} = {FC4ECB41-EA24-41E3-ACD3-C87ECFBF4828}
		{04CC2955-7053-44DA-A8E1-166BFD7FA17C} = {B5647E5E-B7BF-4459-BA08-46307AAB09BD}
		{21F4B5F3-00C5-483B-9521-168A8E40E013} = {FC4ECB41-EA24-41E3-ACD3-C87ECFBF4828}
		{C70DFF4E-9A77-4C14-994A-A0DA352BD377} = {FC4ECB41-EA24-41E3-ACD3-C87ECFBF4828}
	EndGlobalSection
	GlobalSection(ExtensibilityGlobals) = postSolution
		SolutionGuid = {00AC3979-5032-4247-B396-2878A01EE63E}
	EndGlobalSection
EndGlobal
